
Microsoft Visual Studio Solution File, Format Version 12.00
# Visual Studio Version 17
VisualStudioVersion = 17.2.32616.157
MinimumVisualStudioVersion = 10.0.40219.1
Project("{FAE04EC0-301F-11D3-BF4B-00C04F79EFBC}") = "Snowfall", "Snowfall\Snowfall.csproj", "{EE26A6C8-4F2F-493A-B630-0F67934B3DBF}"
EndProject
Global
	GlobalSection(SolutionConfigurationPlatforms) = preSolution
		Debug|Any CPU = Debug|Any CPU
		Release|Any CPU = Release|Any CPU
	EndGlobalSection
	GlobalSection(ProjectConfigurationPlatforms) = postSolution
		{EE26A6C8-4F2F-493A-B630-0F67934B3DBF}.Debug|Any CPU.ActiveCfg = Debug|Any CPU
		{EE26A6C8-4F2F-493A-B630-0F67934B3DBF}.Debug|Any CPU.Build.0 = Debug|Any CPU
		{EE26A6C8-4F2F-493A-B630-0F67934B3DBF}.Release|Any CPU.ActiveCfg = Release|Any CPU
		{EE26A6C8-4F2F-493A-B630-0F67934B3DBF}.Release|Any CPU.Build.0 = Release|Any CPU
	EndGlobalSection
	GlobalSection(SolutionProperties) = preSolution
		HideSolutionNode = FALSE
	EndGlobalSection
	GlobalSection(ExtensibilityGlobals) = postSolution
		SolutionGuid = {C5D228B8-9A37-4A85-95BA-F18D25BCB10D}
	EndGlobalSection
EndGlobal
